// !$*UTF8*$!
{
	archiveVersion = 1;
	classes = {
	};
	objectVersion = 56;
	objects = {

/* Begin PBXBuildFile section */
		36CD42052B7A28C7008304C2 /* AppDelegate.swift in Sources */ = {isa = PBXBuildFile; fileRef = 36CD42042B7A28C7008304C2 /* AppDelegate.swift */; };
		36CD42072B7A28C7008304C2 /* SceneDelegate.swift in Sources */ = {isa = PBXBuildFile; fileRef = 36CD42062B7A28C7008304C2 /* SceneDelegate.swift */; };
		36CD42112B7A28CC008304C2 /* LaunchScreen.storyboard in Resources */ = {isa = PBXBuildFile; fileRef = 36CD420F2B7A28CC008304C2 /* LaunchScreen.storyboard */; };
		36CD421C2B7A2E1A008304C2 /* ArtistArray.swift in Sources */ = {isa = PBXBuildFile; fileRef = 36CD421B2B7A2E1A008304C2 /* ArtistArray.swift */; };
		36CD42252B7A3370008304C2 /* MainViewController.swift in Sources */ = {isa = PBXBuildFile; fileRef = 36CD42082B7A28C7008304C2 /* MainViewController.swift */; };
		36CD42272B7A6BBB008304C2 /* MainViewModel.swift in Sources */ = {isa = PBXBuildFile; fileRef = 36CD42262B7A6BBB008304C2 /* MainViewModel.swift */; };
		36CD422A2B7A6C09008304C2 /* MainCell.swift in Sources */ = {isa = PBXBuildFile; fileRef = 36CD42292B7A6C09008304C2 /* MainCell.swift */; };
		36CD422B2B7AA254008304C2 /* Artists.json in Resources */ = {isa = PBXBuildFile; fileRef = 36CD42182B7A2D7C008304C2 /* Artists.json */; };
		36CD422E2B7B5E45008304C2 /* ARErrors.swift in Sources */ = {isa = PBXBuildFile; fileRef = 36CD422D2B7B5E45008304C2 /* ARErrors.swift */; };
		36CD42312B7B5E69008304C2 /* NetworkService.swift in Sources */ = {isa = PBXBuildFile; fileRef = 36CD42302B7B5E69008304C2 /* NetworkService.swift */; };
		36CD42332B7BA5BB008304C2 /* ArtistWorksViewController.swift in Sources */ = {isa = PBXBuildFile; fileRef = 36CD42322B7BA5BB008304C2 /* ArtistWorksViewController.swift */; };
		36CD42352B7BA762008304C2 /* ArtistWorksCell.swift in Sources */ = {isa = PBXBuildFile; fileRef = 36CD42342B7BA762008304C2 /* ArtistWorksCell.swift */; };
		36CD42372B7BAB9B008304C2 /* ArtistWorksViewModel.swift in Sources */ = {isa = PBXBuildFile; fileRef = 36CD42362B7BAB9B008304C2 /* ArtistWorksViewModel.swift */; };
		36CD42392B7BBEC9008304C2 /* DetailWorkVC.swift in Sources */ = {isa = PBXBuildFile; fileRef = 36CD42382B7BBEC9008304C2 /* DetailWorkVC.swift */; };
		36CD423B2B7BE1A9008304C2 /* Assets.xcassets in Resources */ = {isa = PBXBuildFile; fileRef = 36CD423A2B7BE1A9008304C2 /* Assets.xcassets */; };
/* End PBXBuildFile section */

/* Begin PBXFileReference section */
		36CD42012B7A28C7008304C2 /* ArtLibrary.app */ = {isa = PBXFileReference; explicitFileType = wrapper.application; includeInIndex = 0; path = ArtLibrary.app; sourceTree = BUILT_PRODUCTS_DIR; };
		36CD42042B7A28C7008304C2 /* AppDelegate.swift */ = {isa = PBXFileReference; lastKnownFileType = sourcecode.swift; path = AppDelegate.swift; sourceTree = "<group>"; };
		36CD42062B7A28C7008304C2 /* SceneDelegate.swift */ = {isa = PBXFileReference; lastKnownFileType = sourcecode.swift; path = SceneDelegate.swift; sourceTree = "<group>"; };
		36CD42082B7A28C7008304C2 /* MainViewController.swift */ = {isa = PBXFileReference; lastKnownFileType = sourcecode.swift; path = MainViewController.swift; sourceTree = "<group>"; };
		36CD42102B7A28CC008304C2 /* Base */ = {isa = PBXFileReference; lastKnownFileType = file.storyboard; name = Base; path = Base.lproj/LaunchScreen.storyboard; sourceTree = "<group>"; };
		36CD42122B7A28CC008304C2 /* Info.plist */ = {isa = PBXFileReference; lastKnownFileType = text.plist.xml; path = Info.plist; sourceTree = "<group>"; };
		36CD42182B7A2D7C008304C2 /* Artists.json */ = {isa = PBXFileReference; lastKnownFileType = text.json; path = Artists.json; sourceTree = "<group>"; xcLanguageSpecificationIdentifier = xcode.lang.json; };
		36CD421B2B7A2E1A008304C2 /* ArtistArray.swift */ = {isa = PBXFileReference; lastKnownFileType = sourcecode.swift; path = ArtistArray.swift; sourceTree = "<group>"; };
		36CD42262B7A6BBB008304C2 /* MainViewModel.swift */ = {isa = PBXFileReference; lastKnownFileType = sourcecode.swift; path = MainViewModel.swift; sourceTree = "<group>"; };
		36CD42292B7A6C09008304C2 /* MainCell.swift */ = {isa = PBXFileReference; lastKnownFileType = sourcecode.swift; path = MainCell.swift; sourceTree = "<group>"; };
		36CD422D2B7B5E45008304C2 /* ARErrors.swift */ = {isa = PBXFileReference; lastKnownFileType = sourcecode.swift; path = ARErrors.swift; sourceTree = "<group>"; };
		36CD42302B7B5E69008304C2 /* NetworkService.swift */ = {isa = PBXFileReference; lastKnownFileType = sourcecode.swift; path = NetworkService.swift; sourceTree = "<group>"; };
		36CD42322B7BA5BB008304C2 /* ArtistWorksViewController.swift */ = {isa = PBXFileReference; lastKnownFileType = sourcecode.swift; path = ArtistWorksViewController.swift; sourceTree = "<group>"; };
		36CD42342B7BA762008304C2 /* ArtistWorksCell.swift */ = {isa = PBXFileReference; lastKnownFileType = sourcecode.swift; path = ArtistWorksCell.swift; sourceTree = "<group>"; };
		36CD42362B7BAB9B008304C2 /* ArtistWorksViewModel.swift */ = {isa = PBXFileReference; lastKnownFileType = sourcecode.swift; path = ArtistWorksViewModel.swift; sourceTree = "<group>"; };
		36CD42382B7BBEC9008304C2 /* DetailWorkVC.swift */ = {isa = PBXFileReference; lastKnownFileType = sourcecode.swift; path = DetailWorkVC.swift; sourceTree = "<group>"; };
		36CD423A2B7BE1A9008304C2 /* Assets.xcassets */ = {isa = PBXFileReference; lastKnownFileType = folder.assetcatalog; name = Assets.xcassets; path = ../../../Downloads/Assets.xcassets; sourceTree = "<group>"; };
/* End PBXFileReference section */

/* Begin PBXFrameworksBuildPhase section */
		36CD41FE2B7A28C7008304C2 /* Frameworks */ = {
			isa = PBXFrameworksBuildPhase;
			buildActionMask = 2147483647;
			files = (
			);
			runOnlyForDeploymentPostprocessing = 0;
		};
/* End PBXFrameworksBuildPhase section */

/* Begin PBXGroup section */
		36CD41F82B7A28C7008304C2 = {
			isa = PBXGroup;
			children = (
				36CD42032B7A28C7008304C2 /* ArtLibrary */,
				36CD42022B7A28C7008304C2 /* Products */,
			);
			sourceTree = "<group>";
		};
		36CD42022B7A28C7008304C2 /* Products */ = {
			isa = PBXGroup;
			children = (
				36CD42012B7A28C7008304C2 /* ArtLibrary.app */,
			);
			name = Products;
			sourceTree = "<group>";
		};
		36CD42032B7A28C7008304C2 /* ArtLibrary */ = {
			isa = PBXGroup;
			children = (
				36CD422F2B7B5E59008304C2 /* Services */,
				36CD422C2B7B5E13008304C2 /* Helpers */,
				36CD42202B7A3052008304C2 /* ViewModels */,
				36CD421F2B7A3030008304C2 /* Views */,
				36CD421A2B7A2E0B008304C2 /* Models */,
				36CD42042B7A28C7008304C2 /* AppDelegate.swift */,
				36CD42062B7A28C7008304C2 /* SceneDelegate.swift */,
				36CD42182B7A2D7C008304C2 /* Artists.json */,
				36CD423A2B7BE1A9008304C2 /* Assets.xcassets */,
				36CD420F2B7A28CC008304C2 /* LaunchScreen.storyboard */,
				36CD42122B7A28CC008304C2 /* Info.plist */,
			);
			path = ArtLibrary;
			sourceTree = "<group>";
		};
		36CD421A2B7A2E0B008304C2 /* Models */ = {
			isa = PBXGroup;
			children = (
				36CD421B2B7A2E1A008304C2 /* ArtistArray.swift */,
			);
			path = Models;
			sourceTree = "<group>";
		};
		36CD421F2B7A3030008304C2 /* Views */ = {
			isa = PBXGroup;
			children = (
				36CD42282B7A6BE3008304C2 /* Cells */,
				36CD42082B7A28C7008304C2 /* MainViewController.swift */,
				36CD42322B7BA5BB008304C2 /* ArtistWorksViewController.swift */,
				36CD42382B7BBEC9008304C2 /* DetailWorkVC.swift */,
			);
			path = Views;
			sourceTree = "<group>";
		};
		36CD42202B7A3052008304C2 /* ViewModels */ = {
			isa = PBXGroup;
			children = (
				36CD42262B7A6BBB008304C2 /* MainViewModel.swift */,
				36CD42362B7BAB9B008304C2 /* ArtistWorksViewModel.swift */,
			);
			path = ViewModels;
			sourceTree = "<group>";
		};
		36CD42282B7A6BE3008304C2 /* Cells */ = {
			isa = PBXGroup;
			children = (
				36CD42292B7A6C09008304C2 /* MainCell.swift */,
				36CD42342B7BA762008304C2 /* ArtistWorksCell.swift */,
			);
			path = Cells;
			sourceTree = "<group>";
		};
		36CD422C2B7B5E13008304C2 /* Helpers */ = {
			isa = PBXGroup;
			children = (
				36CD422D2B7B5E45008304C2 /* ARErrors.swift */,
			);
			path = Helpers;
			sourceTree = "<group>";
		};
		36CD422F2B7B5E59008304C2 /* Services */ = {
			isa = PBXGroup;
			children = (
				36CD42302B7B5E69008304C2 /* NetworkService.swift */,
			);
			path = Services;
			sourceTree = "<group>";
		};
/* End PBXGroup section */

/* Begin PBXNativeTarget section */
		36CD42002B7A28C7008304C2 /* ArtLibrary */ = {
			isa = PBXNativeTarget;
			buildConfigurationList = 36CD42152B7A28CC008304C2 /* Build configuration list for PBXNativeTarget "ArtLibrary" */;
			buildPhases = (
				36CD41FD2B7A28C7008304C2 /* Sources */,
				36CD41FE2B7A28C7008304C2 /* Frameworks */,
				36CD41FF2B7A28C7008304C2 /* Resources */,
			);
			buildRules = (
			);
			dependencies = (
			);
			name = ArtLibrary;
			productName = ArtLibrary;
			productReference = 36CD42012B7A28C7008304C2 /* ArtLibrary.app */;
			productType = "com.apple.product-type.application";
		};
/* End PBXNativeTarget section */

/* Begin PBXProject section */
		36CD41F92B7A28C7008304C2 /* Project object */ = {
			isa = PBXProject;
			attributes = {
				BuildIndependentTargetsInParallel = 1;
				LastSwiftUpdateCheck = 1500;
				LastUpgradeCheck = 1500;
				TargetAttributes = {
					36CD42002B7A28C7008304C2 = {
						CreatedOnToolsVersion = 15.0.1;
					};
				};
			};
			buildConfigurationList = 36CD41FC2B7A28C7008304C2 /* Build configuration list for PBXProject "ArtLibrary" */;
			compatibilityVersion = "Xcode 14.0";
			developmentRegion = en;
			hasScannedForEncodings = 0;
			knownRegions = (
				en,
				Base,
			);
			mainGroup = 36CD41F82B7A28C7008304C2;
			productRefGroup = 36CD42022B7A28C7008304C2 /* Products */;
			projectDirPath = "";
			projectRoot = "";
			targets = (
				36CD42002B7A28C7008304C2 /* ArtLibrary */,
			);
		};
/* End PBXProject section */

/* Begin PBXResourcesBuildPhase section */
		36CD41FF2B7A28C7008304C2 /* Resources */ = {
			isa = PBXResourcesBuildPhase;
			buildActionMask = 2147483647;
			files = (
				36CD422B2B7AA254008304C2 /* Artists.json in Resources */,
				36CD423B2B7BE1A9008304C2 /* Assets.xcassets in Resources */,
				36CD42112B7A28CC008304C2 /* LaunchScreen.storyboard in Resources */,
			);
			runOnlyForDeploymentPostprocessing = 0;
		};
/* End PBXResourcesBuildPhase section */

/* Begin PBXSourcesBuildPhase section */
		36CD41FD2B7A28C7008304C2 /* Sources */ = {
			isa = PBXSourcesBuildPhase;
			buildActionMask = 2147483647;
			files = (
				36CD42252B7A3370008304C2 /* MainViewController.swift in Sources */,
				36CD422E2B7B5E45008304C2 /* ARErrors.swift in Sources */,
				36CD42372B7BAB9B008304C2 /* ArtistWorksViewModel.swift in Sources */,
				36CD42352B7BA762008304C2 /* ArtistWorksCell.swift in Sources */,
				36CD42392B7BBEC9008304C2 /* DetailWorkVC.swift in Sources */,
				36CD42332B7BA5BB008304C2 /* ArtistWorksViewController.swift in Sources */,
				36CD422A2B7A6C09008304C2 /* MainCell.swift in Sources */,
				36CD42052B7A28C7008304C2 /* AppDelegate.swift in Sources */,
				36CD42312B7B5E69008304C2 /* NetworkService.swift in Sources */,
				36CD421C2B7A2E1A008304C2 /* ArtistArray.swift in Sources */,
				36CD42072B7A28C7008304C2 /* SceneDelegate.swift in Sources */,
				36CD42272B7A6BBB008304C2 /* MainViewModel.swift in Sources */,
			);
			runOnlyForDeploymentPostprocessing = 0;
		};
/* End PBXSourcesBuildPhase section */

/* Begin PBXVariantGroup section */
		36CD420F2B7A28CC008304C2 /* LaunchScreen.storyboard */ = {
			isa = PBXVariantGroup;
			children = (
				36CD42102B7A28CC008304C2 /* Base */,
			);
			name = LaunchScreen.storyboard;
			sourceTree = "<group>";
		};
/* End PBXVariantGroup section */

/* Begin XCBuildConfiguration section */
		36CD42132B7A28CC008304C2 /* Debug */ = {
			isa = XCBuildConfiguration;
			buildSettings = {
				ALWAYS_SEARCH_USER_PATHS = NO;
				ASSETCATALOG_COMPILER_GENERATE_SWIFT_ASSET_SYMBOL_EXTENSIONS = YES;
				CLANG_ANALYZER_NONNULL = YES;
				CLANG_ANALYZER_NUMBER_OBJECT_CONVERSION = YES_AGGRESSIVE;
				CLANG_CXX_LANGUAGE_STANDARD = "gnu++20";
				CLANG_ENABLE_MODULES = YES;
				CLANG_ENABLE_OBJC_ARC = YES;
				CLANG_ENABLE_OBJC_WEAK = YES;
				CLANG_WARN_BLOCK_CAPTURE_AUTORELEASING = YES;
				CLANG_WARN_BOOL_CONVERSION = YES;
				CLANG_WARN_COMMA = YES;
				CLANG_WARN_CONSTANT_CONVERSION = YES;
				CLANG_WARN_DEPRECATED_OBJC_IMPLEMENTATIONS = YES;
				CLANG_WARN_DIRECT_OBJC_ISA_USAGE = YES_ERROR;
				CLANG_WARN_DOCUMENTATION_COMMENTS = YES;
				CLANG_WARN_EMPTY_BODY = YES;
				CLANG_WARN_ENUM_CONVERSION = YES;
				CLANG_WARN_INFINITE_RECURSION = YES;
				CLANG_WARN_INT_CONVERSION = YES;
				CLANG_WARN_NON_LITERAL_NULL_CONVERSION = YES;
				CLANG_WARN_OBJC_IMPLICIT_RETAIN_SELF = YES;
				CLANG_WARN_OBJC_LITERAL_CONVERSION = YES;
				CLANG_WARN_OBJC_ROOT_CLASS = YES_ERROR;
				CLANG_WARN_QUOTED_INCLUDE_IN_FRAMEWORK_HEADER = YES;
				CLANG_WARN_RANGE_LOOP_ANALYSIS = YES;
				CLANG_WARN_STRICT_PROTOTYPES = YES;
				CLANG_WARN_SUSPICIOUS_MOVE = YES;
				CLANG_WARN_UNGUARDED_AVAILABILITY = YES_AGGRESSIVE;
				CLANG_WARN_UNREACHABLE_CODE = YES;
				CLANG_WARN__DUPLICATE_METHOD_MATCH = YES;
				COPY_PHASE_STRIP = NO;
				DEBUG_INFORMATION_FORMAT = dwarf;
				ENABLE_STRICT_OBJC_MSGSEND = YES;
				ENABLE_TESTABILITY = YES;
				ENABLE_USER_SCRIPT_SANDBOXING = YES;
				GCC_C_LANGUAGE_STANDARD = gnu17;
				GCC_DYNAMIC_NO_PIC = NO;
				GCC_NO_COMMON_BLOCKS = YES;
				GCC_OPTIMIZATION_LEVEL = 0;
				GCC_PREPROCESSOR_DEFINITIONS = (
					"DEBUG=1",
					"$(inherited)",
				);
				GCC_WARN_64_TO_32_BIT_CONVERSION = YES;
				GCC_WARN_ABOUT_RETURN_TYPE = YES_ERROR;
				GCC_WARN_UNDECLARED_SELECTOR = YES;
				GCC_WARN_UNINITIALIZED_AUTOS = YES_AGGRESSIVE;
				GCC_WARN_UNUSED_FUNCTION = YES;
				GCC_WARN_UNUSED_VARIABLE = YES;
				IPHONEOS_DEPLOYMENT_TARGET = 17.0;
				LOCALIZATION_PREFERS_STRING_CATALOGS = YES;
				MTL_ENABLE_DEBUG_INFO = INCLUDE_SOURCE;
				MTL_FAST_MATH = YES;
				ONLY_ACTIVE_ARCH = YES;
				SDKROOT = iphoneos;
				SWIFT_ACTIVE_COMPILATION_CONDITIONS = "DEBUG $(inherited)";
				SWIFT_OPTIMIZATION_LEVEL = "-Onone";
			};
			name = Debug;
		};
		36CD42142B7A28CC008304C2 /* Release */ = {
			isa = XCBuildConfiguration;
			buildSettings = {
				ALWAYS_SEARCH_USER_PATHS = NO;
				ASSETCATALOG_COMPILER_GENERATE_SWIFT_ASSET_SYMBOL_EXTENSIONS = YES;
				CLANG_ANALYZER_NONNULL = YES;
				CLANG_ANALYZER_NUMBER_OBJECT_CONVERSION = YES_AGGRESSIVE;
				CLANG_CXX_LANGUAGE_STANDARD = "gnu++20";
				CLANG_ENABLE_MODULES = YES;
				CLANG_ENABLE_OBJC_ARC = YES;
				CLANG_ENABLE_OBJC_WEAK = YES;
				CLANG_WARN_BLOCK_CAPTURE_AUTORELEASING = YES;
				CLANG_WARN_BOOL_CONVERSION = YES;
				CLANG_WARN_COMMA = YES;
				CLANG_WARN_CONSTANT_CONVERSION = YES;
				CLANG_WARN_DEPRECATED_OBJC_IMPLEMENTATIONS = YES;
				CLANG_WARN_DIRECT_OBJC_ISA_USAGE = YES_ERROR;
				CLANG_WARN_DOCUMENTATION_COMMENTS = YES;
				CLANG_WARN_EMPTY_BODY = YES;
				CLANG_WARN_ENUM_CONVERSION = YES;
				CLANG_WARN_INFINITE_RECURSION = YES;
				CLANG_WARN_INT_CONVERSION = YES;
				CLANG_WARN_NON_LITERAL_NULL_CONVERSION = YES;
				CLANG_WARN_OBJC_IMPLICIT_RETAIN_SELF = YES;
				CLANG_WARN_OBJC_LITERAL_CONVERSION = YES;
				CLANG_WARN_OBJC_ROOT_CLASS = YES_ERROR;
				CLANG_WARN_QUOTED_INCLUDE_IN_FRAMEWORK_HEADER = YES;
				CLANG_WARN_RANGE_LOOP_ANALYSIS = YES;
				CLANG_WARN_STRICT_PROTOTYPES = YES;
				CLANG_WARN_SUSPICIOUS_MOVE = YES;
				CLANG_WARN_UNGUARDED_AVAILABILITY = YES_AGGRESSIVE;
				CLANG_WARN_UNREACHABLE_CODE = YES;
				CLANG_WARN__DUPLICATE_METHOD_MATCH = YES;
				COPY_PHASE_STRIP = NO;
				DEBUG_INFORMATION_FORMAT = "dwarf-with-dsym";
				ENABLE_NS_ASSERTIONS = NO;
				ENABLE_STRICT_OBJC_MSGSEND = YES;
				ENABLE_USER_SCRIPT_SANDBOXING = YES;
				GCC_C_LANGUAGE_STANDARD = gnu17;
				GCC_NO_COMMON_BLOCKS = YES;
				GCC_WARN_64_TO_32_BIT_CONVERSION = YES;
				GCC_WARN_ABOUT_RETURN_TYPE = YES_ERROR;
				GCC_WARN_UNDECLARED_SELECTOR = YES;
				GCC_WARN_UNINITIALIZED_AUTOS = YES_AGGRESSIVE;
				GCC_WARN_UNUSED_FUNCTION = YES;
				GCC_WARN_UNUSED_VARIABLE = YES;
				IPHONEOS_DEPLOYMENT_TARGET = 17.0;
				LOCALIZATION_PREFERS_STRING_CATALOGS = YES;
				MTL_ENABLE_DEBUG_INFO = NO;
				MTL_FAST_MATH = YES;
				SDKROOT = iphoneos;
				SWIFT_COMPILATION_MODE = wholemodule;
				VALIDATE_PRODUCT = YES;
			};
			name = Release;
		};
		36CD42162B7A28CC008304C2 /* Debug */ = {
			isa = XCBuildConfiguration;
			buildSettings = {
				ASSETCATALOG_COMPILER_APPICON_NAME = AppIcon;
				ASSETCATALOG_COMPILER_GLOBAL_ACCENT_COLOR_NAME = AccentColor;
				CODE_SIGN_STYLE = Automatic;
				CURRENT_PROJECT_VERSION = 1;
				GENERATE_INFOPLIST_FILE = YES;
				INFOPLIST_FILE = ArtLibrary/Info.plist;
				INFOPLIST_KEY_UIApplicationSupportsIndirectInputEvents = YES;
				INFOPLIST_KEY_UILaunchStoryboardName = LaunchScreen;
				INFOPLIST_KEY_UISupportedInterfaceOrientations_iPad = "UIInterfaceOrientationPortrait UIInterfaceOrientationPortraitUpsideDown UIInterfaceOrientationLandscapeLeft UIInterfaceOrientationLandscapeRight";
				INFOPLIST_KEY_UISupportedInterfaceOrientations_iPhone = "UIInterfaceOrientationPortrait UIInterfaceOrientationLandscapeLeft UIInterfaceOrientationLandscapeRight";
				LD_RUNPATH_SEARCH_PATHS = (
					"$(inherited)",
					"@executable_path/Frameworks",
				);
				MARKETING_VERSION = 1.0;
				PRODUCT_BUNDLE_IDENTIFIER = ru.polych.ArtLibrary;
				PRODUCT_NAME = "$(TARGET_NAME)";
				SWIFT_EMIT_LOC_STRINGS = YES;
				SWIFT_VERSION = 5.0;
				TARGETED_DEVICE_FAMILY = "1,2";
			};
			name = Debug;
		};
		36CD42172B7A28CC008304C2 /* Release */ = {
			isa = XCBuildConfiguration;
			buildSettings = {
				ASSETCATALOG_COMPILER_APPICON_NAME = AppIcon;
				ASSETCATALOG_COMPILER_GLOBAL_ACCENT_COLOR_NAME = AccentColor;
				CODE_SIGN_STYLE = Automatic;
				CURRENT_PROJECT_VERSION = 1;
				GENERATE_INFOPLIST_FILE = YES;
				INFOPLIST_FILE = ArtLibrary/Info.plist;
				INFOPLIST_KEY_UIApplicationSupportsIndirectInputEvents = YES;
				INFOPLIST_KEY_UILaunchStoryboardName = LaunchScreen;
				INFOPLIST_KEY_UISupportedInterfaceOrientations_iPad = "UIInterfaceOrientationPortrait UIInterfaceOrientationPortraitUpsideDown UIInterfaceOrientationLandscapeLeft UIInterfaceOrientationLandscapeRight";
				INFOPLIST_KEY_UISupportedInterfaceOrientations_iPhone = "UIInterfaceOrientationPortrait UIInterfaceOrientationLandscapeLeft UIInterfaceOrientationLandscapeRight";
				LD_RUNPATH_SEARCH_PATHS = (
					"$(inherited)",
					"@executable_path/Frameworks",
				);
				MARKETING_VERSION = 1.0;
				PRODUCT_BUNDLE_IDENTIFIER = ru.polych.ArtLibrary;
				PRODUCT_NAME = "$(TARGET_NAME)";
				SWIFT_EMIT_LOC_STRINGS = YES;
				SWIFT_VERSION = 5.0;
				TARGETED_DEVICE_FAMILY = "1,2";
			};
			name = Release;
		};
/* End XCBuildConfiguration section */

/* Begin XCConfigurationList section */
		36CD41FC2B7A28C7008304C2 /* Build configuration list for PBXProject "ArtLibrary" */ = {
			isa = XCConfigurationList;
			buildConfigurations = (
				36CD42132B7A28CC008304C2 /* Debug */,
				36CD42142B7A28CC008304C2 /* Release */,
			);
			defaultConfigurationIsVisible = 0;
			defaultConfigurationName = Release;
		};
		36CD42152B7A28CC008304C2 /* Build configuration list for PBXNativeTarget "ArtLibrary" */ = {
			isa = XCConfigurationList;
			buildConfigurations = (
				36CD42162B7A28CC008304C2 /* Debug */,
				36CD42172B7A28CC008304C2 /* Release */,
			);
			defaultConfigurationIsVisible = 0;
			defaultConfigurationName = Release;
		};
/* End XCConfigurationList section */
	};
	rootObject = 36CD41F92B7A28C7008304C2 /* Project object */;
}
